{
  "requires": true,
  "lockfileVersion": 1,
  "dependencies": {
    "react-hook-form": {
      "version": "7.42.1",
      "resolved": "https://registry.npmjs.org/react-hook-form/-/react-hook-form-7.42.1.tgz",
      "integrity": "sha512-2UIGqwMZksd5HS55crTT1ATLTr0rAI4jS7yVuqTaoRVDhY2Qc4IyjskCmpnmdYqUNOYFy04vW253tb2JRVh+IQ=="
    }
  }
}
